
Microsoft Visual Studio Solution File, Format Version 12.00
# Visual Studio Version 16
VisualStudioVersion = 16.0.29326.143
MinimumVisualStudioVersion = 10.0.40219.1
Project("{FAE04EC0-301F-11D3-BF4B-00C04F79EFBC}") = "tarea7", "tarea7\tarea7.csproj", "{614A4331-9AC0-45C9-ABD6-197B28FEA47A}"
EndProject
Global
	GlobalSection(SolutionConfigurationPlatforms) = preSolution
		Debug|Any CPU = Debug|Any CPU
		Release|Any CPU = Release|Any CPU
	EndGlobalSection
	GlobalSection(ProjectConfigurationPlatforms) = postSolution
		{614A4331-9AC0-45C9-ABD6-197B28FEA47A}.Debug|Any CPU.ActiveCfg = Debug|Any CPU
		{614A4331-9AC0-45C9-ABD6-197B28FEA47A}.Debug|Any CPU.Build.0 = Debug|Any CPU
		{614A4331-9AC0-45C9-ABD6-197B28FEA47A}.Release|Any CPU.ActiveCfg = Release|Any CPU
		{614A4331-9AC0-45C9-ABD6-197B28FEA47A}.Release|Any CPU.Build.0 = Release|Any CPU
	EndGlobalSection
	GlobalSection(SolutionProperties) = preSolution
		HideSolutionNode = FALSE
	EndGlobalSection
	GlobalSection(ExtensibilityGlobals) = postSolution
		SolutionGuid = {FC7727D1-D9AF-42AC-82E3-916A18EC5928}
	EndGlobalSection
EndGlobal
