
Microsoft Visual Studio Solution File, Format Version 12.00
# Visual Studio Version 16
VisualStudioVersion = 16.0.29326.143
MinimumVisualStudioVersion = 10.0.40219.1
Project("{FAE04EC0-301F-11D3-BF4B-00C04F79EFBC}") = "tarea3", "tarea3\tarea3.csproj", "{0FFFFC06-F7C7-4234-892F-73BB45E4C00E}"
EndProject
Global
	GlobalSection(SolutionConfigurationPlatforms) = preSolution
		Debug|Any CPU = Debug|Any CPU
		Release|Any CPU = Release|Any CPU
	EndGlobalSection
	GlobalSection(ProjectConfigurationPlatforms) = postSolution
		{0FFFFC06-F7C7-4234-892F-73BB45E4C00E}.Debug|Any CPU.ActiveCfg = Debug|Any CPU
		{0FFFFC06-F7C7-4234-892F-73BB45E4C00E}.Debug|Any CPU.Build.0 = Debug|Any CPU
		{0FFFFC06-F7C7-4234-892F-73BB45E4C00E}.Release|Any CPU.ActiveCfg = Release|Any CPU
		{0FFFFC06-F7C7-4234-892F-73BB45E4C00E}.Release|Any CPU.Build.0 = Release|Any CPU
	EndGlobalSection
	GlobalSection(SolutionProperties) = preSolution
		HideSolutionNode = FALSE
	EndGlobalSection
	GlobalSection(ExtensibilityGlobals) = postSolution
		SolutionGuid = {72661A42-D3EB-4BE5-A9A3-DEA08BF0B482}
	EndGlobalSection
EndGlobal
