
Microsoft Visual Studio Solution File, Format Version 12.00
# Visual Studio Version 16
VisualStudioVersion = 16.0.29326.143
MinimumVisualStudioVersion = 10.0.40219.1
Project("{FAE04EC0-301F-11D3-BF4B-00C04F79EFBC}") = "Tarea6", "Tarea6\Tarea6.csproj", "{69CE03C7-664F-404F-ACBC-0D9DB75557E9}"
EndProject
Global
	GlobalSection(SolutionConfigurationPlatforms) = preSolution
		Debug|Any CPU = Debug|Any CPU
		Release|Any CPU = Release|Any CPU
	EndGlobalSection
	GlobalSection(ProjectConfigurationPlatforms) = postSolution
		{69CE03C7-664F-404F-ACBC-0D9DB75557E9}.Debug|Any CPU.ActiveCfg = Debug|Any CPU
		{69CE03C7-664F-404F-ACBC-0D9DB75557E9}.Debug|Any CPU.Build.0 = Debug|Any CPU
		{69CE03C7-664F-404F-ACBC-0D9DB75557E9}.Release|Any CPU.ActiveCfg = Release|Any CPU
		{69CE03C7-664F-404F-ACBC-0D9DB75557E9}.Release|Any CPU.Build.0 = Release|Any CPU
	EndGlobalSection
	GlobalSection(SolutionProperties) = preSolution
		HideSolutionNode = FALSE
	EndGlobalSection
	GlobalSection(ExtensibilityGlobals) = postSolution
		SolutionGuid = {A9EE86A3-32CF-4E8B-93D6-44366B08BBB5}
	EndGlobalSection
EndGlobal
