
Microsoft Visual Studio Solution File, Format Version 12.00
# Visual Studio Version 16
VisualStudioVersion = 16.0.29326.143
MinimumVisualStudioVersion = 10.0.40219.1
Project("{FAE04EC0-301F-11D3-BF4B-00C04F79EFBC}") = "tarea9", "tarea9\tarea9.csproj", "{6CFDFB6F-7EE7-4583-BD87-428B7CDE4C64}"
EndProject
Global
	GlobalSection(SolutionConfigurationPlatforms) = preSolution
		Debug|Any CPU = Debug|Any CPU
		Release|Any CPU = Release|Any CPU
	EndGlobalSection
	GlobalSection(ProjectConfigurationPlatforms) = postSolution
		{6CFDFB6F-7EE7-4583-BD87-428B7CDE4C64}.Debug|Any CPU.ActiveCfg = Debug|Any CPU
		{6CFDFB6F-7EE7-4583-BD87-428B7CDE4C64}.Debug|Any CPU.Build.0 = Debug|Any CPU
		{6CFDFB6F-7EE7-4583-BD87-428B7CDE4C64}.Release|Any CPU.ActiveCfg = Release|Any CPU
		{6CFDFB6F-7EE7-4583-BD87-428B7CDE4C64}.Release|Any CPU.Build.0 = Release|Any CPU
	EndGlobalSection
	GlobalSection(SolutionProperties) = preSolution
		HideSolutionNode = FALSE
	EndGlobalSection
	GlobalSection(ExtensibilityGlobals) = postSolution
		SolutionGuid = {B2261053-CFBA-4CDF-9E7A-13EE70E6285E}
	EndGlobalSection
EndGlobal
